{
    "_readme": [
        "This file locks the dependencies of your project to a known state",
        "Read more about it at https://getcomposer.org/doc/01-basic-usage.md#installing-dependencies",
        "This file is @generated automatically"
    ],
    "content-hash": "c6bc7b03e8dca2553cfad4c043aeee19",
    "packages": [
        {
            "name": "divineomega/do-file-cache",
            "version": "v2.0.6",
            "source": {
                "type": "git",
                "url": "https://github.com/DivineOmega/DO-File-Cache.git",
                "reference": "23696a8a4c3ebe2ab3d68a35b2698fa103f69334"
            },
            "dist": {
                "type": "zip",
                "url": "https://api.github.com/repos/DivineOmega/DO-File-Cache/zipball/23696a8a4c3ebe2ab3d68a35b2698fa103f69334",
                "reference": "23696a8a4c3ebe2ab3d68a35b2698fa103f69334",
                "shasum": ""
            },
            "require": {
                "ext-json": "*",
                "ext-zlib": "*",
                "php": ">=5.6"
            },
            "require-dev": {
                "php-coveralls/php-coveralls": "^2.1",
                "phpunit/phpunit": "^6.5"
            },
            "type": "library",
            "extra": {
                "branch-alias": {
                    "dev-master": "1.0-dev"
                }
            },
            "autoload": {
                "psr-4": {
                    "DivineOmega\\DOFileCache\\": "src/"
                }
            },
            "notification-url": "https://packagist.org/downloads/",
            "license": [
                "LGPL-3.0-only"
            ],
            "description": "DO File Cache is a PHP File-based Caching Library. Its syntax is designed to closely resemble the PHP memcache extension.",
            "keywords": [
                "cache",
                "caching",
                "caching library",
                "file cache",
                "library",
                "php"
            ],
            "support": {
                "issues": "https://github.com/DivineOmega/DO-File-Cache/issues",
                "source": "https://github.com/DivineOmega/DO-File-Cache/tree/master"
            },
            "time": "2018-12-31T09:36:51+00:00"
        },
        {
            "name": "divineomega/do-file-cache-psr-6",
            "version": "v2.0.1",
            "source": {
                "type": "git",
                "url": "https://github.com/DivineOmega/DO-File-Cache-PSR-6.git",
                "reference": "18f9807d0491d093e9a12741afb40257d92f017e"
            },
            "dist": {
                "type": "zip",
                "url": "https://api.github.com/repos/DivineOmega/DO-File-Cache-PSR-6/zipball/18f9807d0491d093e9a12741afb40257d92f017e",
                "reference": "18f9807d0491d093e9a12741afb40257d92f017e",
                "shasum": ""
            },
            "require": {
                "divineomega/do-file-cache": "^2.0.0",
                "psr/cache": "^1.0"
            },
            "require-dev": {
                "cache/integration-tests": "^0.16.0",
                "php-coveralls/php-coveralls": "^2.1",
                "phpunit/phpunit": "^5.7"
            },
            "type": "library",
            "autoload": {
                "psr-4": {
                    "DivineOmega\\DOFileCachePSR6\\": "src/"
                }
            },
            "notification-url": "https://packagist.org/downloads/",
            "license": [
                "LGPL-3.0-only"
            ],
            "authors": [
                {
                    "name": "Jordan Hall",
                    "email": "jordan@hall05.co.uk"
                }
            ],
            "description": "PSR-6 adapter for DO File Cache",
            "support": {
                "source": "https://github.com/DivineOmega/DO-File-Cache-PSR-6/tree/master"
            },
            "time": "2018-07-13T08:32:36+00:00"
        },
        {
            "name": "psr/cache",
            "version": "1.0.1",
            "source": {
                "type": "git",
                "url": "https://github.com/php-fig/cache.git",
                "reference": "d11b50ad223250cf17b86e38383413f5a6764bf8"
            },
            "dist": {
                "type": "zip",
                "url": "https://api.github.com/repos/php-fig/cache/zipball/d11b50ad223250cf17b86e38383413f5a6764bf8",
                "reference": "d11b50ad223250cf17b86e38383413f5a6764bf8",
                "shasum": ""
            },
            "require": {
                "php": ">=5.3.0"
            },
            "type": "library",
            "extra": {
                "branch-alias": {
                    "dev-master": "1.0.x-dev"
                }
            },
            "autoload": {
                "psr-4": {
                    "Psr\\Cache\\": "src/"
                }
            },
            "notification-url": "https://packagist.org/downloads/",
            "license": [
                "MIT"
            ],
            "authors": [
                {
                    "name": "PHP-FIG",
                    "homepage": "http://www.php-fig.org/"
                }
            ],
            "description": "Common interface for caching libraries",
            "keywords": [
                "cache",
                "psr",
                "psr-6"
            ],
            "support": {
                "source": "https://github.com/php-fig/cache/tree/master"
            },
            "time": "2016-08-06T20:24:11+00:00"
        },
        {
            "name": "rapidwebltd/php-uk-bank-holidays",
            "version": "v5.0.0",
            "source": {
                "type": "git",
                "url": "https://github.com/rapidwebltd/php-uk-bank-holidays.git",
                "reference": "cfa6e6846771223dd32cc8738c6d9bbf3cfb4801"
            },
            "dist": {
                "type": "zip",
                "url": "https://api.github.com/repos/rapidwebltd/php-uk-bank-holidays/zipball/cfa6e6846771223dd32cc8738c6d9bbf3cfb4801",
                "reference": "cfa6e6846771223dd32cc8738c6d9bbf3cfb4801",
                "shasum": ""
            },
            "require": {
                "divineomega/do-file-cache-psr-6": "^2.0",
                "php": ">=5.6"
            },
            "require-dev": {
                "php-coveralls/php-coveralls": "^2.1",
                "phpunit/phpunit": "^5.7"
            },
            "type": "library",
            "autoload": {
                "psr-4": {
                    "RapidWeb\\UkBankHolidays\\": "./src/"
                }
            },
            "notification-url": "https://packagist.org/downloads/",
            "license": [
                "LGPL-3.0-only"
            ],
            "description": "This library enables developers to easily retrieve UK Bank Holiday details. Holidays can be retrieved for England & Wales, Scotland, and Northern Ireland. Information about these holidays can optionally be restricted by month or date.",
            "keywords": [
                "PHP Library",
                "PHP uk bank holidays library",
                "bank holidays",
                "library",
                "uk bank holidays"
            ],
            "support": {
                "issues": "https://github.com/rapidwebltd/php-uk-bank-holidays/issues",
                "source": "https://github.com/rapidwebltd/php-uk-bank-holidays/tree/master"
            },
            "time": "2020-01-11T00:33:32+00:00"
        }
    ],
    "packages-dev": [],
    "aliases": [],
    "minimum-stability": "stable",
    "stability-flags": [],
    "prefer-stable": false,
    "prefer-lowest": false,
    "platform": [],
    "platform-dev": [],
    "plugin-api-version": "2.3.0"
}
